
Microsoft Visual Studio Solution File, Format Version 12.00
# Visual Studio Version 17
VisualStudioVersion = 17.5.33502.453
MinimumVisualStudioVersion = 10.0.40219.1
Project("{9A19103F-16F7-4668-BE54-9A1E7A4F7556}") = "WorkFlows.WebApi", "WorkFlows.WebApi\WorkFlows.WebApi.csproj", "{99107272-42AB-4612-8A60-298CABEFB005}"
EndProject
Project("{E53339B2-1760-4266-BCC7-CA923CBCF16C}") = "docker-compose", "docker-compose.dcproj", "{83976B70-FE58-4BA4-BFA3-6953D1571FA6}"
EndProject
Global
	GlobalSection(SolutionConfigurationPlatforms) = preSolution
		Debug|Any CPU = Debug|Any CPU
		Release|Any CPU = Release|Any CPU
	EndGlobalSection
	GlobalSection(ProjectConfigurationPlatforms) = postSolution
		{99107272-42AB-4612-8A60-298CABEFB005}.Debug|Any CPU.ActiveCfg = Debug|Any CPU
		{99107272-42AB-4612-8A60-298CABEFB005}.Debug|Any CPU.Build.0 = Debug|Any CPU
		{99107272-42AB-4612-8A60-298CABEFB005}.Release|Any CPU.ActiveCfg = Release|Any CPU
		{99107272-42AB-4612-8A60-298CABEFB005}.Release|Any CPU.Build.0 = Release|Any CPU
		{83976B70-FE58-4BA4-BFA3-6953D1571FA6}.Debug|Any CPU.ActiveCfg = Debug|Any CPU
		{83976B70-FE58-4BA4-BFA3-6953D1571FA6}.Debug|Any CPU.Build.0 = Debug|Any CPU
		{83976B70-FE58-4BA4-BFA3-6953D1571FA6}.Release|Any CPU.ActiveCfg = Release|Any CPU
		{83976B70-FE58-4BA4-BFA3-6953D1571FA6}.Release|Any CPU.Build.0 = Release|Any CPU
	EndGlobalSection
	GlobalSection(SolutionProperties) = preSolution
		HideSolutionNode = FALSE
	EndGlobalSection
	GlobalSection(ExtensibilityGlobals) = postSolution
		SolutionGuid = {F4ED9618-3017-4EBC-832B-DA938F6B61BE}
	EndGlobalSection
EndGlobal
